
Microsoft Visual Studio Solution File, Format Version 12.00
# Visual Studio 14
VisualStudioVersion = 14.0.23107.0
MinimumVisualStudioVersion = 10.0.40219.1
Project("{FAE04EC0-301F-11D3-BF4B-00C04F79EFBC}") = "ECTCreator", "ExternalContentTypeCreator\ECTCreator.csproj", "{4B466339-1CB8-4E7A-884F-CDEFA7B99DA2}"
EndProject
Project("{2150E333-8FDC-42A3-9474-1A3956D46DE8}") = "Solution Items", "Solution Items", "{25865001-065B-4B54-9B0D-F490589DBAB5}"
	ProjectSection(SolutionItems) = preProject
		TODO.txt = TODO.txt
	EndProjectSection
EndProject
Global
	GlobalSection(SolutionConfigurationPlatforms) = preSolution
		CD_ROM|Any CPU = CD_ROM|Any CPU
		CD_ROM|Mixed Platforms = CD_ROM|Mixed Platforms
		CD_ROM|x86 = CD_ROM|x86
		Debug|Any CPU = Debug|Any CPU
		Debug|Mixed Platforms = Debug|Mixed Platforms
		Debug|x86 = Debug|x86
		DVD-5|Any CPU = DVD-5|Any CPU
		DVD-5|Mixed Platforms = DVD-5|Mixed Platforms
		DVD-5|x86 = DVD-5|x86
		Release|Any CPU = Release|Any CPU
		Release|Mixed Platforms = Release|Mixed Platforms
		Release|x86 = Release|x86
		SingleImage|Any CPU = SingleImage|Any CPU
		SingleImage|Mixed Platforms = SingleImage|Mixed Platforms
		SingleImage|x86 = SingleImage|x86
	EndGlobalSection
	GlobalSection(ProjectConfigurationPlatforms) = postSolution
		{4B466339-1CB8-4E7A-884F-CDEFA7B99DA2}.CD_ROM|Any CPU.ActiveCfg = Release|Any CPU
		{4B466339-1CB8-4E7A-884F-CDEFA7B99DA2}.CD_ROM|Mixed Platforms.ActiveCfg = Release|Any CPU
		{4B466339-1CB8-4E7A-884F-CDEFA7B99DA2}.CD_ROM|x86.ActiveCfg = Release|Any CPU
		{4B466339-1CB8-4E7A-884F-CDEFA7B99DA2}.Debug|Any CPU.ActiveCfg = Debug|Any CPU
		{4B466339-1CB8-4E7A-884F-CDEFA7B99DA2}.Debug|Any CPU.Build.0 = Debug|Any CPU
		{4B466339-1CB8-4E7A-884F-CDEFA7B99DA2}.Debug|Any CPU.Deploy.0 = Debug|Any CPU
		{4B466339-1CB8-4E7A-884F-CDEFA7B99DA2}.Debug|Mixed Platforms.ActiveCfg = Debug|Any CPU
		{4B466339-1CB8-4E7A-884F-CDEFA7B99DA2}.Debug|x86.ActiveCfg = Debug|Any CPU
		{4B466339-1CB8-4E7A-884F-CDEFA7B99DA2}.DVD-5|Any CPU.ActiveCfg = Debug|Any CPU
		{4B466339-1CB8-4E7A-884F-CDEFA7B99DA2}.DVD-5|Mixed Platforms.ActiveCfg = Debug|Any CPU
		{4B466339-1CB8-4E7A-884F-CDEFA7B99DA2}.DVD-5|x86.ActiveCfg = Debug|Any CPU
		{4B466339-1CB8-4E7A-884F-CDEFA7B99DA2}.Release|Any CPU.ActiveCfg = Release|Any CPU
		{4B466339-1CB8-4E7A-884F-CDEFA7B99DA2}.Release|Any CPU.Build.0 = Release|Any CPU
		{4B466339-1CB8-4E7A-884F-CDEFA7B99DA2}.Release|Any CPU.Deploy.0 = Release|Any CPU
		{4B466339-1CB8-4E7A-884F-CDEFA7B99DA2}.Release|Mixed Platforms.ActiveCfg = Release|Any CPU
		{4B466339-1CB8-4E7A-884F-CDEFA7B99DA2}.Release|x86.ActiveCfg = Release|Any CPU
		{4B466339-1CB8-4E7A-884F-CDEFA7B99DA2}.SingleImage|Any CPU.ActiveCfg = Release|Any CPU
		{4B466339-1CB8-4E7A-884F-CDEFA7B99DA2}.SingleImage|Mixed Platforms.ActiveCfg = Release|Any CPU
		{4B466339-1CB8-4E7A-884F-CDEFA7B99DA2}.SingleImage|x86.ActiveCfg = Release|Any CPU
	EndGlobalSection
	GlobalSection(SolutionProperties) = preSolution
		HideSolutionNode = FALSE
	EndGlobalSection
EndGlobal
